
Microsoft Visual Studio Solution File, Format Version 11.00
# Visual Studio 2010
Project("{8BC9CEB8-8B4A-11D0-8D11-00A0C91BC942}") = "another_alglib", "another_alglib.vcxproj", "{22BC4B19-767F-4363-31DA-47A488CB7957}"
EndProject
Global
	GlobalSection(SolutionConfigurationPlatforms) = preSolution
		Debug|Win32 = Debug|Win32
		Release|Win32 = Release|Win32
	EndGlobalSection
	GlobalSection(ProjectConfigurationPlatforms) = postSolution
		{22BC4B19-767F-4363-31DA-47A488CB7957}.Debug|Win32.ActiveCfg = Debug|Win32
		{22BC4B19-767F-4363-31DA-47A488CB7957}.Debug|Win32.Build.0 = Debug|Win32
		{22BC4B19-767F-4363-31DA-47A488CB7957}.Release|Win32.ActiveCfg = Release|Win32
		{22BC4B19-767F-4363-31DA-47A488CB7957}.Release|Win32.Build.0 = Release|Win32
	EndGlobalSection
	GlobalSection(SolutionProperties) = preSolution
		HideSolutionNode = FALSE
	EndGlobalSection
EndGlobal
